// !$*UTF8*$!
{
	archiveVersion = 1;
	classes = {
	};
	objectVersion = 46;
	objects = {

/* Begin PBXBuildFile section */
		0513BF121484342D0046A090 /* howto_remoteaccess@2x.png in Resources */ = {isa = PBXBuildFile; fileRef = 0513BF0E1484342D0046A090 /* howto_remoteaccess@2x.png */; };
		0513BF131484342D0046A090 /* howto_remoteaccess~ipad.png in Resources */ = {isa = PBXBuildFile; fileRef = 0513BF101484342D0046A090 /* howto_remoteaccess~ipad.png */; };
		0513BF16148439BA0046A090 /* Default-Landscape~ipad.png in Resources */ = {isa = PBXBuildFile; fileRef = 0513BF15148439BA0046A090 /* Default-Landscape~ipad.png */; };
		0513BF18148439C10046A090 /* Default~ipad.png in Resources */ = {isa = PBXBuildFile; fileRef = 0513BF17148439C10046A090 /* Default~ipad.png */; };
		0513BF1A14843D760046A090 /* Default@2x.png in Resources */ = {isa = PBXBuildFile; fileRef = 0513BF1914843D760046A090 /* Default@2x.png */; };
		05E59B7C14825CAD00DD5D60 /* UIKit.framework in Frameworks */ = {isa = PBXBuildFile; fileRef = 05E59B7B14825CAD00DD5D60 /* UIKit.framework */; };
		05E59B7E14825CAD00DD5D60 /* Foundation.framework in Frameworks */ = {isa = PBXBuildFile; fileRef = 05E59B7D14825CAD00DD5D60 /* Foundation.framework */; };
		05E59B8014825CAD00DD5D60 /* CoreGraphics.framework in Frameworks */ = {isa = PBXBuildFile; fileRef = 05E59B7F14825CAD00DD5D60 /* CoreGraphics.framework */; };
		05E59B8614825CAD00DD5D60 /* InfoPlist.strings in Resources */ = {isa = PBXBuildFile; fileRef = 05E59B8414825CAD00DD5D60 /* InfoPlist.strings */; };
		05E59B8814825CAD00DD5D60 /* main.m in Sources */ = {isa = PBXBuildFile; fileRef = 05E59B8714825CAD00DD5D60 /* main.m */; };
		05E59B8C14825CAD00DD5D60 /* BTAppDelegate.m in Sources */ = {isa = PBXBuildFile; fileRef = 05E59B8B14825CAD00DD5D60 /* BTAppDelegate.m */; };
		05E59B8F14825CAD00DD5D60 /* MainStoryboard_iPhone.storyboard in Resources */ = {isa = PBXBuildFile; fileRef = 05E59B8D14825CAD00DD5D60 /* MainStoryboard_iPhone.storyboard */; };
		05E59B9214825CAD00DD5D60 /* MainStoryboard_iPad.storyboard in Resources */ = {isa = PBXBuildFile; fileRef = 05E59B9014825CAD00DD5D60 /* MainStoryboard_iPad.storyboard */; };
		05E59B9514825CAD00DD5D60 /* BTViewController.m in Sources */ = {isa = PBXBuildFile; fileRef = 05E59B9414825CAD00DD5D60 /* BTViewController.m */; };
		05E59B9D14825DE600DD5D60 /* TransmissionRemote.m in Sources */ = {isa = PBXBuildFile; fileRef = 05E59B9C14825DE600DD5D60 /* TransmissionRemote.m */; };
		05E59BA01482637500DD5D60 /* BTSettingsVC.m in Sources */ = {isa = PBXBuildFile; fileRef = 05E59B9F1482637500DD5D60 /* BTSettingsVC.m */; };
		05E59BA3148263F800DD5D60 /* BTSettingVC.m in Sources */ = {isa = PBXBuildFile; fileRef = 05E59BA2148263F800DD5D60 /* BTSettingVC.m */; };
		05E59BA7148281AC00DD5D60 /* icon.png in Resources */ = {isa = PBXBuildFile; fileRef = 05E59BA6148281AC00DD5D60 /* icon.png */; };
/* End PBXBuildFile section */

/* Begin PBXFileReference section */
		0513BF0F1484342D0046A090 /* en */ = {isa = PBXFileReference; lastKnownFileType = image.png; name = en; path = "en.lproj/howto_remoteaccess@2x.png"; sourceTree = "<group>"; };
		0513BF111484342D0046A090 /* en */ = {isa = PBXFileReference; lastKnownFileType = image.png; name = en; path = "en.lproj/howto_remoteaccess~ipad.png"; sourceTree = "<group>"; };
		0513BF15148439BA0046A090 /* Default-Landscape~ipad.png */ = {isa = PBXFileReference; lastKnownFileType = image.png; path = "Default-Landscape~ipad.png"; sourceTree = "<group>"; };
		0513BF17148439C10046A090 /* Default~ipad.png */ = {isa = PBXFileReference; lastKnownFileType = image.png; path = "Default~ipad.png"; sourceTree = "<group>"; };
		0513BF1914843D760046A090 /* Default@2x.png */ = {isa = PBXFileReference; lastKnownFileType = image.png; path = "Default@2x.png"; sourceTree = "<group>"; };
		05E59B7714825CAD00DD5D60 /* Transmission Remote.app */ = {isa = PBXFileReference; explicitFileType = wrapper.application; includeInIndex = 0; path = "Transmission Remote.app"; sourceTree = BUILT_PRODUCTS_DIR; };
		05E59B7B14825CAD00DD5D60 /* UIKit.framework */ = {isa = PBXFileReference; lastKnownFileType = wrapper.framework; name = UIKit.framework; path = System/Library/Frameworks/UIKit.framework; sourceTree = SDKROOT; };
		05E59B7D14825CAD00DD5D60 /* Foundation.framework */ = {isa = PBXFileReference; lastKnownFileType = wrapper.framework; name = Foundation.framework; path = System/Library/Frameworks/Foundation.framework; sourceTree = SDKROOT; };
		05E59B7F14825CAD00DD5D60 /* CoreGraphics.framework */ = {isa = PBXFileReference; lastKnownFileType = wrapper.framework; name = CoreGraphics.framework; path = System/Library/Frameworks/CoreGraphics.framework; sourceTree = SDKROOT; };
		05E59B8314825CAD00DD5D60 /* Transmission-Info.plist */ = {isa = PBXFileReference; lastKnownFileType = text.plist.xml; path = "Transmission-Info.plist"; sourceTree = "<group>"; };
		05E59B8514825CAD00DD5D60 /* en */ = {isa = PBXFileReference; lastKnownFileType = text.plist.strings; name = en; path = en.lproj/InfoPlist.strings; sourceTree = "<group>"; };
		05E59B8714825CAD00DD5D60 /* main.m */ = {isa = PBXFileReference; lastKnownFileType = sourcecode.c.objc; path = main.m; sourceTree = "<group>"; };
		05E59B8914825CAD00DD5D60 /* Transmission-Prefix.pch */ = {isa = PBXFileReference; lastKnownFileType = sourcecode.c.h; path = "Transmission-Prefix.pch"; sourceTree = "<group>"; };
		05E59B8A14825CAD00DD5D60 /* BTAppDelegate.h */ = {isa = PBXFileReference; lastKnownFileType = sourcecode.c.h; path = BTAppDelegate.h; sourceTree = "<group>"; };
		05E59B8B14825CAD00DD5D60 /* BTAppDelegate.m */ = {isa = PBXFileReference; lastKnownFileType = sourcecode.c.objc; path = BTAppDelegate.m; sourceTree = "<group>"; };
		05E59B8E14825CAD00DD5D60 /* en */ = {isa = PBXFileReference; lastKnownFileType = file.storyboard; name = en; path = en.lproj/MainStoryboard_iPhone.storyboard; sourceTree = "<group>"; };
		05E59B9114825CAD00DD5D60 /* en */ = {isa = PBXFileReference; lastKnownFileType = file.storyboard; name = en; path = en.lproj/MainStoryboard_iPad.storyboard; sourceTree = "<group>"; };
		05E59B9314825CAD00DD5D60 /* BTViewController.h */ = {isa = PBXFileReference; lastKnownFileType = sourcecode.c.h; path = BTViewController.h; sourceTree = "<group>"; };
		05E59B9414825CAD00DD5D60 /* BTViewController.m */ = {isa = PBXFileReference; lastKnownFileType = sourcecode.c.objc; path = BTViewController.m; sourceTree = "<group>"; };
		05E59B9B14825DE600DD5D60 /* TransmissionRemote.h */ = {isa = PBXFileReference; fileEncoding = 4; lastKnownFileType = sourcecode.c.h; name = TransmissionRemote.h; path = Shared/TransmissionRemote.h; sourceTree = SOURCE_ROOT; };
		05E59B9C14825DE600DD5D60 /* TransmissionRemote.m */ = {isa = PBXFileReference; fileEncoding = 4; lastKnownFileType = sourcecode.c.objc; name = TransmissionRemote.m; path = Shared/TransmissionRemote.m; sourceTree = SOURCE_ROOT; };
		05E59B9E1482637500DD5D60 /* BTSettingsVC.h */ = {isa = PBXFileReference; fileEncoding = 4; lastKnownFileType = sourcecode.c.h; path = BTSettingsVC.h; sourceTree = "<group>"; };
		05E59B9F1482637500DD5D60 /* BTSettingsVC.m */ = {isa = PBXFileReference; fileEncoding = 4; lastKnownFileType = sourcecode.c.objc; path = BTSettingsVC.m; sourceTree = "<group>"; };
		05E59BA1148263F800DD5D60 /* BTSettingVC.h */ = {isa = PBXFileReference; fileEncoding = 4; lastKnownFileType = sourcecode.c.h; path = BTSettingVC.h; sourceTree = "<group>"; };
		05E59BA2148263F800DD5D60 /* BTSettingVC.m */ = {isa = PBXFileReference; fileEncoding = 4; lastKnownFileType = sourcecode.c.objc; path = BTSettingVC.m; sourceTree = "<group>"; };
		05E59BA6148281AC00DD5D60 /* icon.png */ = {isa = PBXFileReference; lastKnownFileType = image.png; name = icon.png; path = ../icon.png; sourceTree = "<group>"; };
/* End PBXFileReference section */

/* Begin PBXFrameworksBuildPhase section */
		05E59B7414825CAD00DD5D60 /* Frameworks */ = {
			isa = PBXFrameworksBuildPhase;
			buildActionMask = 2147483647;
			files = (
				05E59B7C14825CAD00DD5D60 /* UIKit.framework in Frameworks */,
				05E59B7E14825CAD00DD5D60 /* Foundation.framework in Frameworks */,
				05E59B8014825CAD00DD5D60 /* CoreGraphics.framework in Frameworks */,
			);
			runOnlyForDeploymentPostprocessing = 0;
		};
/* End PBXFrameworksBuildPhase section */

/* Begin PBXGroup section */
		05E59B6C14825CAD00DD5D60 = {
			isa = PBXGroup;
			children = (
				0513BF1914843D760046A090 /* Default@2x.png */,
				0513BF17148439C10046A090 /* Default~ipad.png */,
				0513BF15148439BA0046A090 /* Default-Landscape~ipad.png */,
				05E59B8114825CAD00DD5D60 /* Transmission */,
				05E59B7A14825CAD00DD5D60 /* Frameworks */,
				05E59B7814825CAD00DD5D60 /* Products */,
			);
			sourceTree = "<group>";
		};
		05E59B7814825CAD00DD5D60 /* Products */ = {
			isa = PBXGroup;
			children = (
				05E59B7714825CAD00DD5D60 /* Transmission Remote.app */,
			);
			name = Products;
			sourceTree = "<group>";
		};
		05E59B7A14825CAD00DD5D60 /* Frameworks */ = {
			isa = PBXGroup;
			children = (
				05E59B7B14825CAD00DD5D60 /* UIKit.framework */,
				05E59B7D14825CAD00DD5D60 /* Foundation.framework */,
				05E59B7F14825CAD00DD5D60 /* CoreGraphics.framework */,
			);
			name = Frameworks;
			sourceTree = "<group>";
		};
		05E59B8114825CAD00DD5D60 /* Transmission */ = {
			isa = PBXGroup;
			children = (
				05E59B8A14825CAD00DD5D60 /* BTAppDelegate.h */,
				05E59B8B14825CAD00DD5D60 /* BTAppDelegate.m */,
				05E59B9B14825DE600DD5D60 /* TransmissionRemote.h */,
				05E59B9C14825DE600DD5D60 /* TransmissionRemote.m */,
				05E59B8D14825CAD00DD5D60 /* MainStoryboard_iPhone.storyboard */,
				05E59B9014825CAD00DD5D60 /* MainStoryboard_iPad.storyboard */,
				05E59B9314825CAD00DD5D60 /* BTViewController.h */,
				05E59B9414825CAD00DD5D60 /* BTViewController.m */,
				05E59B9E1482637500DD5D60 /* BTSettingsVC.h */,
				05E59B9F1482637500DD5D60 /* BTSettingsVC.m */,
				05E59BA1148263F800DD5D60 /* BTSettingVC.h */,
				05E59BA2148263F800DD5D60 /* BTSettingVC.m */,
				05E59B8214825CAD00DD5D60 /* Supporting Files */,
			);
			path = Transmission;
			sourceTree = "<group>";
		};
		05E59B8214825CAD00DD5D60 /* Supporting Files */ = {
			isa = PBXGroup;
			children = (
				05E59BA6148281AC00DD5D60 /* icon.png */,
				0513BF0E1484342D0046A090 /* howto_remoteaccess@2x.png */,
				0513BF101484342D0046A090 /* howto_remoteaccess~ipad.png */,
				05E59B8314825CAD00DD5D60 /* Transmission-Info.plist */,
				05E59B8414825CAD00DD5D60 /* InfoPlist.strings */,
				05E59B8714825CAD00DD5D60 /* main.m */,
				05E59B8914825CAD00DD5D60 /* Transmission-Prefix.pch */,
			);
			name = "Supporting Files";
			sourceTree = "<group>";
		};
/* End PBXGroup section */

/* Begin PBXNativeTarget section */
		05E59B7614825CAD00DD5D60 /* Transmission Remote */ = {
			isa = PBXNativeTarget;
			buildConfigurationList = 05E59B9814825CAD00DD5D60 /* Build configuration list for PBXNativeTarget "Transmission Remote" */;
			buildPhases = (
				05E59B7314825CAD00DD5D60 /* Sources */,
				05E59B7414825CAD00DD5D60 /* Frameworks */,
				05E59B7514825CAD00DD5D60 /* Resources */,
			);
			buildRules = (
			);
			dependencies = (
			);
			name = "Transmission Remote";
			productName = Transmission;
			productReference = 05E59B7714825CAD00DD5D60 /* Transmission Remote.app */;
			productType = "com.apple.product-type.application";
		};
/* End PBXNativeTarget section */

/* Begin PBXProject section */
		05E59B6E14825CAD00DD5D60 /* Project object */ = {
			isa = PBXProject;
			attributes = {
				LastUpgradeCheck = 0420;
			};
			buildConfigurationList = 05E59B7114825CAD00DD5D60 /* Build configuration list for PBXProject "Transmission" */;
			compatibilityVersion = "Xcode 3.2";
			developmentRegion = English;
			hasScannedForEncodings = 0;
			knownRegions = (
				en,
			);
			mainGroup = 05E59B6C14825CAD00DD5D60;
			productRefGroup = 05E59B7814825CAD00DD5D60 /* Products */;
			projectDirPath = "";
			projectRoot = "";
			targets = (
				05E59B7614825CAD00DD5D60 /* Transmission Remote */,
			);
		};
/* End PBXProject section */

/* Begin PBXResourcesBuildPhase section */
		05E59B7514825CAD00DD5D60 /* Resources */ = {
			isa = PBXResourcesBuildPhase;
			buildActionMask = 2147483647;
			files = (
				05E59B8614825CAD00DD5D60 /* InfoPlist.strings in Resources */,
				05E59B8F14825CAD00DD5D60 /* MainStoryboard_iPhone.storyboard in Resources */,
				05E59B9214825CAD00DD5D60 /* MainStoryboard_iPad.storyboard in Resources */,
				05E59BA7148281AC00DD5D60 /* icon.png in Resources */,
				0513BF121484342D0046A090 /* howto_remoteaccess@2x.png in Resources */,
				0513BF131484342D0046A090 /* howto_remoteaccess~ipad.png in Resources */,
				0513BF16148439BA0046A090 /* Default-Landscape~ipad.png in Resources */,
				0513BF18148439C10046A090 /* Default~ipad.png in Resources */,
				0513BF1A14843D760046A090 /* Default@2x.png in Resources */,
			);
			runOnlyForDeploymentPostprocessing = 0;
		};
/* End PBXResourcesBuildPhase section */

/* Begin PBXSourcesBuildPhase section */
		05E59B7314825CAD00DD5D60 /* Sources */ = {
			isa = PBXSourcesBuildPhase;
			buildActionMask = 2147483647;
			files = (
				05E59B8814825CAD00DD5D60 /* main.m in Sources */,
				05E59B8C14825CAD00DD5D60 /* BTAppDelegate.m in Sources */,
				05E59B9514825CAD00DD5D60 /* BTViewController.m in Sources */,
				05E59B9D14825DE600DD5D60 /* TransmissionRemote.m in Sources */,
				05E59BA01482637500DD5D60 /* BTSettingsVC.m in Sources */,
				05E59BA3148263F800DD5D60 /* BTSettingVC.m in Sources */,
			);
			runOnlyForDeploymentPostprocessing = 0;
		};
/* End PBXSourcesBuildPhase section */

/* Begin PBXVariantGroup section */
		0513BF0E1484342D0046A090 /* howto_remoteaccess@2x.png */ = {
			isa = PBXVariantGroup;
			children = (
				0513BF0F1484342D0046A090 /* en */,
			);
			name = "howto_remoteaccess@2x.png";
			sourceTree = "<group>";
		};
		0513BF101484342D0046A090 /* howto_remoteaccess~ipad.png */ = {
			isa = PBXVariantGroup;
			children = (
				0513BF111484342D0046A090 /* en */,
			);
			name = "howto_remoteaccess~ipad.png";
			sourceTree = "<group>";
		};
		05E59B8414825CAD00DD5D60 /* InfoPlist.strings */ = {
			isa = PBXVariantGroup;
			children = (
				05E59B8514825CAD00DD5D60 /* en */,
			);
			name = InfoPlist.strings;
			sourceTree = "<group>";
		};
		05E59B8D14825CAD00DD5D60 /* MainStoryboard_iPhone.storyboard */ = {
			isa = PBXVariantGroup;
			children = (
				05E59B8E14825CAD00DD5D60 /* en */,
			);
			name = MainStoryboard_iPhone.storyboard;
			sourceTree = "<group>";
		};
		05E59B9014825CAD00DD5D60 /* MainStoryboard_iPad.storyboard */ = {
			isa = PBXVariantGroup;
			children = (
				05E59B9114825CAD00DD5D60 /* en */,
			);
			name = MainStoryboard_iPad.storyboard;
			sourceTree = "<group>";
		};
/* End PBXVariantGroup section */

/* Begin XCBuildConfiguration section */
		05E59B9614825CAD00DD5D60 /* Debug */ = {
			isa = XCBuildConfiguration;
			buildSettings = {
				ALWAYS_SEARCH_USER_PATHS = NO;
				ARCHS = "$(ARCHS_STANDARD_32_BIT)";
				CLANG_ENABLE_OBJC_ARC = YES;
				"CODE_SIGN_IDENTITY[sdk=iphoneos*]" = "iPhone Developer";
				COPY_PHASE_STRIP = NO;
				GCC_C_LANGUAGE_STANDARD = gnu99;
				GCC_DYNAMIC_NO_PIC = NO;
				GCC_OPTIMIZATION_LEVEL = 0;
				GCC_PREPROCESSOR_DEFINITIONS = (
					"DEBUG=1",
					"$(inherited)",
				);
				GCC_SYMBOLS_PRIVATE_EXTERN = NO;
				GCC_VERSION = com.apple.compilers.llvm.clang.1_0;
				GCC_WARN_ABOUT_MISSING_PROTOTYPES = YES;
				GCC_WARN_ABOUT_RETURN_TYPE = YES;
				GCC_WARN_UNUSED_VARIABLE = YES;
				IPHONEOS_DEPLOYMENT_TARGET = 5.0;
				SDKROOT = iphoneos;
				TARGETED_DEVICE_FAMILY = "1,2";
			};
			name = Debug;
		};
		05E59B9714825CAD00DD5D60 /* Release */ = {
			isa = XCBuildConfiguration;
			buildSettings = {
				ALWAYS_SEARCH_USER_PATHS = NO;
				ARCHS = "$(ARCHS_STANDARD_32_BIT)";
				CLANG_ENABLE_OBJC_ARC = YES;
				"CODE_SIGN_IDENTITY[sdk=iphoneos*]" = "iPhone Developer";
				COPY_PHASE_STRIP = YES;
				GCC_C_LANGUAGE_STANDARD = gnu99;
				GCC_VERSION = com.apple.compilers.llvm.clang.1_0;
				GCC_WARN_ABOUT_MISSING_PROTOTYPES = YES;
				GCC_WARN_ABOUT_RETURN_TYPE = YES;
				GCC_WARN_UNUSED_VARIABLE = YES;
				IPHONEOS_DEPLOYMENT_TARGET = 5.0;
				OTHER_CFLAGS = "-DNS_BLOCK_ASSERTIONS=1";
				SDKROOT = iphoneos;
				TARGETED_DEVICE_FAMILY = "1,2";
				VALIDATE_PRODUCT = YES;
			};
			name = Release;
		};
		05E59B9914825CAD00DD5D60 /* Debug */ = {
			isa = XCBuildConfiguration;
			buildSettings = {
				CODE_SIGN_IDENTITY = "iPhone Developer";
				GCC_PRECOMPILE_PREFIX_HEADER = YES;
				GCC_PREFIX_HEADER = "Transmission/Transmission-Prefix.pch";
				INFOPLIST_FILE = "Transmission/Transmission-Info.plist";
				PRODUCT_NAME = "$(TARGET_NAME)";
				PROVISIONING_PROFILE = "";
				WRAPPER_EXTENSION = app;
			};
			name = Debug;
		};
		05E59B9A14825CAD00DD5D60 /* Release */ = {
			isa = XCBuildConfiguration;
			buildSettings = {
				CODE_SIGN_IDENTITY = "iPhone Developer";
				GCC_PRECOMPILE_PREFIX_HEADER = YES;
				GCC_PREFIX_HEADER = "Transmission/Transmission-Prefix.pch";
				INFOPLIST_FILE = "Transmission/Transmission-Info.plist";
				PRODUCT_NAME = "$(TARGET_NAME)";
				PROVISIONING_PROFILE = "";
				WRAPPER_EXTENSION = app;
			};
			name = Release;
		};
/* End XCBuildConfiguration section */

/* Begin XCConfigurationList section */
		05E59B7114825CAD00DD5D60 /* Build configuration list for PBXProject "Transmission" */ = {
			isa = XCConfigurationList;
			buildConfigurations = (
				05E59B9614825CAD00DD5D60 /* Debug */,
				05E59B9714825CAD00DD5D60 /* Release */,
			);
			defaultConfigurationIsVisible = 0;
			defaultConfigurationName = Release;
		};
		05E59B9814825CAD00DD5D60 /* Build configuration list for PBXNativeTarget "Transmission Remote" */ = {
			isa = XCConfigurationList;
			buildConfigurations = (
				05E59B9914825CAD00DD5D60 /* Debug */,
				05E59B9A14825CAD00DD5D60 /* Release */,
			);
			defaultConfigurationIsVisible = 0;
			defaultConfigurationName = Release;
		};
/* End XCConfigurationList section */
	};
	rootObject = 05E59B6E14825CAD00DD5D60 /* Project object */;
}
